
Microsoft Visual Studio Solution File, Format Version 12.00
# Visual Studio Version 17
VisualStudioVersion = 17.10.35122.118
MinimumVisualStudioVersion = 10.0.40219.1
Project("{FAE04EC0-301F-11D3-BF4B-00C04F79EFBC}") = "PorfolioCore", "PorfolioCore\PorfolioCore.csproj", "{1EEC1480-117C-42B4-94D5-232368988CC9}"
EndProject
Global
	GlobalSection(SolutionConfigurationPlatforms) = preSolution
		Debug|Any CPU = Debug|Any CPU
		Release|Any CPU = Release|Any CPU
	EndGlobalSection
	GlobalSection(ProjectConfigurationPlatforms) = postSolution
		{1EEC1480-117C-42B4-94D5-232368988CC9}.Debug|Any CPU.ActiveCfg = Debug|Any CPU
		{1EEC1480-117C-42B4-94D5-232368988CC9}.Debug|Any CPU.Build.0 = Debug|Any CPU
		{1EEC1480-117C-42B4-94D5-232368988CC9}.Release|Any CPU.ActiveCfg = Release|Any CPU
		{1EEC1480-117C-42B4-94D5-232368988CC9}.Release|Any CPU.Build.0 = Release|Any CPU
	EndGlobalSection
	GlobalSection(SolutionProperties) = preSolution
		HideSolutionNode = FALSE
	EndGlobalSection
	GlobalSection(ExtensibilityGlobals) = postSolution
		SolutionGuid = {BAFAA353-B0AB-4371-90BD-D97F9294EBE6}
	EndGlobalSection
EndGlobal
